
Microsoft Visual Studio Solution File, Format Version 12.00
# Visual Studio 15
VisualStudioVersion = 15.0.25920.0
MinimumVisualStudioVersion = 10.0.40219.1
Project("{2150E333-8FDC-42A3-9474-1A3956D46DE8}") = "src", "src", "{6EE7ECE9-4D99-4C96-A979-3B122FDFF8FC}"
EndProject
Project("{FAE04EC0-301F-11D3-BF4B-00C04F79EFBC}") = "Notown", "src\Notown\Notown.csproj", "{889F7573-6550-46BE-831E-DC2953902AB0}"
EndProject
Project("{2150E333-8FDC-42A3-9474-1A3956D46DE8}") = "Solution Items", "Solution Items", "{29350A99-F586-4099-B78A-93E80BE49E43}"
	ProjectSection(SolutionItems) = preProject
		..\..\..\..\Users\Skittles\NotownDB.mdf = ..\..\..\..\Users\Skittles\NotownDB.mdf
		..\..\..\..\Users\Skittles\NotownDB_log.ldf = ..\..\..\..\Users\Skittles\NotownDB_log.ldf
	EndProjectSection
EndProject
Global
	GlobalSection(SolutionConfigurationPlatforms) = preSolution
		Debug|Any CPU = Debug|Any CPU
		Release|Any CPU = Release|Any CPU
	EndGlobalSection
	GlobalSection(ProjectConfigurationPlatforms) = postSolution
		{889F7573-6550-46BE-831E-DC2953902AB0}.Debug|Any CPU.ActiveCfg = Debug|Any CPU
		{889F7573-6550-46BE-831E-DC2953902AB0}.Debug|Any CPU.Build.0 = Debug|Any CPU
		{889F7573-6550-46BE-831E-DC2953902AB0}.Release|Any CPU.ActiveCfg = Release|Any CPU
		{889F7573-6550-46BE-831E-DC2953902AB0}.Release|Any CPU.Build.0 = Release|Any CPU
	EndGlobalSection
	GlobalSection(SolutionProperties) = preSolution
		HideSolutionNode = FALSE
	EndGlobalSection
	GlobalSection(NestedProjects) = preSolution
		{889F7573-6550-46BE-831E-DC2953902AB0} = {6EE7ECE9-4D99-4C96-A979-3B122FDFF8FC}
	EndGlobalSection
EndGlobal
